// !$*UTF8*$!
{
	archiveVersion = 1;
	classes = {
	};
	objectVersion = 56;
	objects = {

/* Begin PBXBuildFile section */
		DD8069132A8597DC003982AE /* SingleStatView.swift in Sources */ = {isa = PBXBuildFile; fileRef = DD8069122A8597DC003982AE /* SingleStatView.swift */; };
		DD9760F52A51FC4F0032216F /* TimerStage.swift in Sources */ = {isa = PBXBuildFile; fileRef = DD9760F42A51FC4F0032216F /* TimerStage.swift */; };
		DD9760F82A5369230032216F /* Constants.swift in Sources */ = {isa = PBXBuildFile; fileRef = DD9760F72A5369230032216F /* Constants.swift */; };
		DD9900F92A80F3E30051F757 /* AnalyticsView.swift in Sources */ = {isa = PBXBuildFile; fileRef = DD9900F82A80F3E30051F757 /* AnalyticsView.swift */; };
		DD9900FC2A80F7F80051F757 /* Formatters.swift in Sources */ = {isa = PBXBuildFile; fileRef = DD9900FB2A80F7F80051F757 /* Formatters.swift */; };
		DD9901022A8392D80051F757 /* TimeFrame.swift in Sources */ = {isa = PBXBuildFile; fileRef = DD9901012A8392D80051F757 /* TimeFrame.swift */; };
		DD9901052A83A6BF0051F757 /* Date+StartEnd.swift in Sources */ = {isa = PBXBuildFile; fileRef = DD9901042A83A6BF0051F757 /* Date+StartEnd.swift */; };
		DD9901072A83CF9F0051F757 /* BarChart.swift in Sources */ = {isa = PBXBuildFile; fileRef = DD9901062A83CF9F0051F757 /* BarChart.swift */; };
		DDA4B6F62A4A27AB004C56FE /* FocusApp.swift in Sources */ = {isa = PBXBuildFile; fileRef = DDA4B6F52A4A27AB004C56FE /* FocusApp.swift */; };
		DDA4B6F82A4A27AB004C56FE /* CountdownView.swift in Sources */ = {isa = PBXBuildFile; fileRef = DDA4B6F72A4A27AB004C56FE /* CountdownView.swift */; };
		DDA4B6FA2A4A27AC004C56FE /* Assets.xcassets in Resources */ = {isa = PBXBuildFile; fileRef = DDA4B6F92A4A27AC004C56FE /* Assets.xcassets */; };
		DDA4B6FD2A4A27AC004C56FE /* Preview Assets.xcassets in Resources */ = {isa = PBXBuildFile; fileRef = DDA4B6FC2A4A27AC004C56FE /* Preview Assets.xcassets */; };
		DDA4B6FF2A4A27AC004C56FE /* Persistence.swift in Sources */ = {isa = PBXBuildFile; fileRef = DDA4B6FE2A4A27AC004C56FE /* Persistence.swift */; };
		DDA4B7022A4A27AC004C56FE /* Focus.xcdatamodeld in Sources */ = {isa = PBXBuildFile; fileRef = DDA4B7002A4A27AC004C56FE /* Focus.xcdatamodeld */; };
		DDA4B70D2A4A27AC004C56FE /* FocusTests.swift in Sources */ = {isa = PBXBuildFile; fileRef = DDA4B70C2A4A27AC004C56FE /* FocusTests.swift */; };
		DDA4B7172A4A27AC004C56FE /* FocusUITests.swift in Sources */ = {isa = PBXBuildFile; fileRef = DDA4B7162A4A27AC004C56FE /* FocusUITests.swift */; };
		DDA4B7192A4A27AC004C56FE /* FocusUITestsLaunchTests.swift in Sources */ = {isa = PBXBuildFile; fileRef = DDA4B7182A4A27AC004C56FE /* FocusUITestsLaunchTests.swift */; };
		DDA4B7272A4B847D004C56FE /* CountdownViewModel.swift in Sources */ = {isa = PBXBuildFile; fileRef = DDA4B7262A4B847D004C56FE /* CountdownViewModel.swift */; };
		DDA4B7292A4CD18D004C56FE /* SettingsView.swift in Sources */ = {isa = PBXBuildFile; fileRef = DDA4B7282A4CD18D004C56FE /* SettingsView.swift */; };
		DDA4B72B2A4CE0FB004C56FE /* SettingsViewModel.swift in Sources */ = {isa = PBXBuildFile; fileRef = DDA4B72A2A4CE0FB004C56FE /* SettingsViewModel.swift */; };
		DDA4B72F2A4D77A4004C56FE /* TextFieldSettingView.swift in Sources */ = {isa = PBXBuildFile; fileRef = DDA4B72E2A4D77A4004C56FE /* TextFieldSettingView.swift */; };
		DDA4B7312A4E054A004C56FE /* HideKeyboard.swift in Sources */ = {isa = PBXBuildFile; fileRef = DDA4B7302A4E054A004C56FE /* HideKeyboard.swift */; };
		DDA4B7332A50813C004C56FE /* UserDefaultsKey.swift in Sources */ = {isa = PBXBuildFile; fileRef = DDA4B7322A50813C004C56FE /* UserDefaultsKey.swift */; };
		DDAA98872A56A8D700921DE9 /* FocusStageDotsView.swift in Sources */ = {isa = PBXBuildFile; fileRef = DDAA98862A56A8D700921DE9 /* FocusStageDotsView.swift */; };
		DDAA98892A57401400921DE9 /* MainButtonView.swift in Sources */ = {isa = PBXBuildFile; fileRef = DDAA98882A57401400921DE9 /* MainButtonView.swift */; };
		DDAA988B2A57410900921DE9 /* SkipButtonView.swift in Sources */ = {isa = PBXBuildFile; fileRef = DDAA988A2A57410900921DE9 /* SkipButtonView.swift */; };
		DDAA988D2A57416100921DE9 /* ResetButtonView.swift in Sources */ = {isa = PBXBuildFile; fileRef = DDAA988C2A57416100921DE9 /* ResetButtonView.swift */; };
		DDAA98902A5801E200921DE9 /* NotificationService.swift in Sources */ = {isa = PBXBuildFile; fileRef = DDAA988F2A5801E200921DE9 /* NotificationService.swift */; };
		DDBFD1012A8CF2EA0020DC57 /* CountdownTests.swift in Sources */ = {isa = PBXBuildFile; fileRef = DDBFD1002A8CF2EA0020DC57 /* CountdownTests.swift */; };
		DDBFD1032A8D176B0020DC57 /* AnalyticsTests.swift in Sources */ = {isa = PBXBuildFile; fileRef = DDBFD1022A8D176B0020DC57 /* AnalyticsTests.swift */; };
		DDBFD1052A8D19770020DC57 /* AnalyticsViewModel.swift in Sources */ = {isa = PBXBuildFile; fileRef = DDBFD1042A8D19770020DC57 /* AnalyticsViewModel.swift */; };
		DDE2CF932B583A13009B7A51 /* Session.swift in Sources */ = {isa = PBXBuildFile; fileRef = DDE2CF922B583A13009B7A51 /* Session.swift */; };
		DDE2CF962B588C55009B7A51 /* Session+CoreData.swift in Sources */ = {isa = PBXBuildFile; fileRef = DDE2CF952B588C55009B7A51 /* Session+CoreData.swift */; };
		DDE2CF982B597DAC009B7A51 /* VersionView.swift in Sources */ = {isa = PBXBuildFile; fileRef = DDE2CF972B597DAC009B7A51 /* VersionView.swift */; };
		DDE2CF9A2B597E44009B7A51 /* NotificationToggleView.swift in Sources */ = {isa = PBXBuildFile; fileRef = DDE2CF992B597E44009B7A51 /* NotificationToggleView.swift */; };
		DDE2CF9E2B59C646009B7A51 /* TimeFramePickerView.swift in Sources */ = {isa = PBXBuildFile; fileRef = DDE2CF9D2B59C646009B7A51 /* TimeFramePickerView.swift */; };
		DDE2CFA02B59C73F009B7A51 /* SingleStatsView.swift in Sources */ = {isa = PBXBuildFile; fileRef = DDE2CF9F2B59C73F009B7A51 /* SingleStatsView.swift */; };
		DDE2CFA22B59C790009B7A51 /* SessionsListView.swift in Sources */ = {isa = PBXBuildFile; fileRef = DDE2CFA12B59C790009B7A51 /* SessionsListView.swift */; };
		DDE2CFA42B59C9C3009B7A51 /* AnalyticsButtonView.swift in Sources */ = {isa = PBXBuildFile; fileRef = DDE2CFA32B59C9C3009B7A51 /* AnalyticsButtonView.swift */; };
		DDE2CFA62B59D09B009B7A51 /* SettingsButtonView.swift in Sources */ = {isa = PBXBuildFile; fileRef = DDE2CFA52B59D09B009B7A51 /* SettingsButtonView.swift */; };
		DDF81DDC2A8CE9EF0052B409 /* FormatterTests.swift in Sources */ = {isa = PBXBuildFile; fileRef = DDF81DDB2A8CE9EF0052B409 /* FormatterTests.swift */; };
/* End PBXBuildFile section */

/* Begin PBXContainerItemProxy section */
		DDA4B7092A4A27AC004C56FE /* PBXContainerItemProxy */ = {
			isa = PBXContainerItemProxy;
			containerPortal = DDA4B6EA2A4A27AB004C56FE /* Project object */;
			proxyType = 1;
			remoteGlobalIDString = DDA4B6F12A4A27AB004C56FE;
			remoteInfo = Focus;
		};
		DDA4B7132A4A27AC004C56FE /* PBXContainerItemProxy */ = {
			isa = PBXContainerItemProxy;
			containerPortal = DDA4B6EA2A4A27AB004C56FE /* Project object */;
			proxyType = 1;
			remoteGlobalIDString = DDA4B6F12A4A27AB004C56FE;
			remoteInfo = Focus;
		};
/* End PBXContainerItemProxy section */

/* Begin PBXFileReference section */
		DD8069122A8597DC003982AE /* SingleStatView.swift */ = {isa = PBXFileReference; lastKnownFileType = sourcecode.swift; path = SingleStatView.swift; sourceTree = "<group>"; };
		DD9760F42A51FC4F0032216F /* TimerStage.swift */ = {isa = PBXFileReference; lastKnownFileType = sourcecode.swift; path = TimerStage.swift; sourceTree = "<group>"; };
		DD9760F72A5369230032216F /* Constants.swift */ = {isa = PBXFileReference; lastKnownFileType = sourcecode.swift; path = Constants.swift; sourceTree = "<group>"; };
		DD9900F82A80F3E30051F757 /* AnalyticsView.swift */ = {isa = PBXFileReference; lastKnownFileType = sourcecode.swift; path = AnalyticsView.swift; sourceTree = "<group>"; };
		DD9900FB2A80F7F80051F757 /* Formatters.swift */ = {isa = PBXFileReference; lastKnownFileType = sourcecode.swift; path = Formatters.swift; sourceTree = "<group>"; };
		DD9901012A8392D80051F757 /* TimeFrame.swift */ = {isa = PBXFileReference; lastKnownFileType = sourcecode.swift; path = TimeFrame.swift; sourceTree = "<group>"; };
		DD9901042A83A6BF0051F757 /* Date+StartEnd.swift */ = {isa = PBXFileReference; lastKnownFileType = sourcecode.swift; path = "Date+StartEnd.swift"; sourceTree = "<group>"; };
		DD9901062A83CF9F0051F757 /* BarChart.swift */ = {isa = PBXFileReference; lastKnownFileType = sourcecode.swift; path = BarChart.swift; sourceTree = "<group>"; };
		DDA4B6F22A4A27AB004C56FE /* Focus.app */ = {isa = PBXFileReference; explicitFileType = wrapper.application; includeInIndex = 0; path = Focus.app; sourceTree = BUILT_PRODUCTS_DIR; };
		DDA4B6F52A4A27AB004C56FE /* FocusApp.swift */ = {isa = PBXFileReference; lastKnownFileType = sourcecode.swift; path = FocusApp.swift; sourceTree = "<group>"; };
		DDA4B6F72A4A27AB004C56FE /* CountdownView.swift */ = {isa = PBXFileReference; lastKnownFileType = sourcecode.swift; path = CountdownView.swift; sourceTree = "<group>"; };
		DDA4B6F92A4A27AC004C56FE /* Assets.xcassets */ = {isa = PBXFileReference; lastKnownFileType = folder.assetcatalog; path = Assets.xcassets; sourceTree = "<group>"; };
		DDA4B6FC2A4A27AC004C56FE /* Preview Assets.xcassets */ = {isa = PBXFileReference; lastKnownFileType = folder.assetcatalog; path = "Preview Assets.xcassets"; sourceTree = "<group>"; };
		DDA4B6FE2A4A27AC004C56FE /* Persistence.swift */ = {isa = PBXFileReference; lastKnownFileType = sourcecode.swift; path = Persistence.swift; sourceTree = "<group>"; };
		DDA4B7012A4A27AC004C56FE /* Focus.xcdatamodel */ = {isa = PBXFileReference; lastKnownFileType = wrapper.xcdatamodel; path = Focus.xcdatamodel; sourceTree = "<group>"; };
		DDA4B7032A4A27AC004C56FE /* Info.plist */ = {isa = PBXFileReference; lastKnownFileType = text.plist.xml; path = Info.plist; sourceTree = "<group>"; };
		DDA4B7082A4A27AC004C56FE /* FocusTests.xctest */ = {isa = PBXFileReference; explicitFileType = wrapper.cfbundle; includeInIndex = 0; path = FocusTests.xctest; sourceTree = BUILT_PRODUCTS_DIR; };
		DDA4B70C2A4A27AC004C56FE /* FocusTests.swift */ = {isa = PBXFileReference; lastKnownFileType = sourcecode.swift; path = FocusTests.swift; sourceTree = "<group>"; };
		DDA4B7122A4A27AC004C56FE /* FocusUITests.xctest */ = {isa = PBXFileReference; explicitFileType = wrapper.cfbundle; includeInIndex = 0; path = FocusUITests.xctest; sourceTree = BUILT_PRODUCTS_DIR; };
		DDA4B7162A4A27AC004C56FE /* FocusUITests.swift */ = {isa = PBXFileReference; lastKnownFileType = sourcecode.swift; path = FocusUITests.swift; sourceTree = "<group>"; };
		DDA4B7182A4A27AC004C56FE /* FocusUITestsLaunchTests.swift */ = {isa = PBXFileReference; lastKnownFileType = sourcecode.swift; path = FocusUITestsLaunchTests.swift; sourceTree = "<group>"; };
		DDA4B7252A4A2814004C56FE /* Focus.entitlements */ = {isa = PBXFileReference; lastKnownFileType = text.plist.entitlements; path = Focus.entitlements; sourceTree = "<group>"; };
		DDA4B7262A4B847D004C56FE /* CountdownViewModel.swift */ = {isa = PBXFileReference; lastKnownFileType = sourcecode.swift; path = CountdownViewModel.swift; sourceTree = "<group>"; };
		DDA4B7282A4CD18D004C56FE /* SettingsView.swift */ = {isa = PBXFileReference; lastKnownFileType = sourcecode.swift; path = SettingsView.swift; sourceTree = "<group>"; };
		DDA4B72A2A4CE0FB004C56FE /* SettingsViewModel.swift */ = {isa = PBXFileReference; lastKnownFileType = sourcecode.swift; path = SettingsViewModel.swift; sourceTree = "<group>"; };
		DDA4B72E2A4D77A4004C56FE /* TextFieldSettingView.swift */ = {isa = PBXFileReference; lastKnownFileType = sourcecode.swift; path = TextFieldSettingView.swift; sourceTree = "<group>"; };
		DDA4B7302A4E054A004C56FE /* HideKeyboard.swift */ = {isa = PBXFileReference; lastKnownFileType = sourcecode.swift; path = HideKeyboard.swift; sourceTree = "<group>"; };
		DDA4B7322A50813C004C56FE /* UserDefaultsKey.swift */ = {isa = PBXFileReference; lastKnownFileType = sourcecode.swift; path = UserDefaultsKey.swift; sourceTree = "<group>"; };
		DDAA98862A56A8D700921DE9 /* FocusStageDotsView.swift */ = {isa = PBXFileReference; lastKnownFileType = sourcecode.swift; path = FocusStageDotsView.swift; sourceTree = "<group>"; };
		DDAA98882A57401400921DE9 /* MainButtonView.swift */ = {isa = PBXFileReference; lastKnownFileType = sourcecode.swift; path = MainButtonView.swift; sourceTree = "<group>"; };
		DDAA988A2A57410900921DE9 /* SkipButtonView.swift */ = {isa = PBXFileReference; lastKnownFileType = sourcecode.swift; path = SkipButtonView.swift; sourceTree = "<group>"; };
		DDAA988C2A57416100921DE9 /* ResetButtonView.swift */ = {isa = PBXFileReference; lastKnownFileType = sourcecode.swift; path = ResetButtonView.swift; sourceTree = "<group>"; };
		DDAA988F2A5801E200921DE9 /* NotificationService.swift */ = {isa = PBXFileReference; lastKnownFileType = sourcecode.swift; path = NotificationService.swift; sourceTree = "<group>"; };
		DDBFD1002A8CF2EA0020DC57 /* CountdownTests.swift */ = {isa = PBXFileReference; lastKnownFileType = sourcecode.swift; path = CountdownTests.swift; sourceTree = "<group>"; };
		DDBFD1022A8D176B0020DC57 /* AnalyticsTests.swift */ = {isa = PBXFileReference; lastKnownFileType = sourcecode.swift; path = AnalyticsTests.swift; sourceTree = "<group>"; };
		DDBFD1042A8D19770020DC57 /* AnalyticsViewModel.swift */ = {isa = PBXFileReference; lastKnownFileType = sourcecode.swift; path = AnalyticsViewModel.swift; sourceTree = "<group>"; };
		DDE2CF922B583A13009B7A51 /* Session.swift */ = {isa = PBXFileReference; lastKnownFileType = sourcecode.swift; path = Session.swift; sourceTree = "<group>"; };
		DDE2CF952B588C55009B7A51 /* Session+CoreData.swift */ = {isa = PBXFileReference; lastKnownFileType = sourcecode.swift; path = "Session+CoreData.swift"; sourceTree = "<group>"; };
		DDE2CF972B597DAC009B7A51 /* VersionView.swift */ = {isa = PBXFileReference; lastKnownFileType = sourcecode.swift; path = VersionView.swift; sourceTree = "<group>"; };
		DDE2CF992B597E44009B7A51 /* NotificationToggleView.swift */ = {isa = PBXFileReference; lastKnownFileType = sourcecode.swift; path = NotificationToggleView.swift; sourceTree = "<group>"; };
		DDE2CF9D2B59C646009B7A51 /* TimeFramePickerView.swift */ = {isa = PBXFileReference; lastKnownFileType = sourcecode.swift; path = TimeFramePickerView.swift; sourceTree = "<group>"; };
		DDE2CF9F2B59C73F009B7A51 /* SingleStatsView.swift */ = {isa = PBXFileReference; lastKnownFileType = sourcecode.swift; path = SingleStatsView.swift; sourceTree = "<group>"; };
		DDE2CFA12B59C790009B7A51 /* SessionsListView.swift */ = {isa = PBXFileReference; lastKnownFileType = sourcecode.swift; path = SessionsListView.swift; sourceTree = "<group>"; };
		DDE2CFA32B59C9C3009B7A51 /* AnalyticsButtonView.swift */ = {isa = PBXFileReference; lastKnownFileType = sourcecode.swift; path = AnalyticsButtonView.swift; sourceTree = "<group>"; };
		DDE2CFA52B59D09B009B7A51 /* SettingsButtonView.swift */ = {isa = PBXFileReference; lastKnownFileType = sourcecode.swift; path = SettingsButtonView.swift; sourceTree = "<group>"; };
		DDF81DDB2A8CE9EF0052B409 /* FormatterTests.swift */ = {isa = PBXFileReference; lastKnownFileType = sourcecode.swift; path = FormatterTests.swift; sourceTree = "<group>"; };
/* End PBXFileReference section */

/* Begin PBXFrameworksBuildPhase section */
		DDA4B6EF2A4A27AB004C56FE /* Frameworks */ = {
			isa = PBXFrameworksBuildPhase;
			buildActionMask = 2147483647;
			files = (
			);
			runOnlyForDeploymentPostprocessing = 0;
		};
		DDA4B7052A4A27AC004C56FE /* Frameworks */ = {
			isa = PBXFrameworksBuildPhase;
			buildActionMask = 2147483647;
			files = (
			);
			runOnlyForDeploymentPostprocessing = 0;
		};
		DDA4B70F2A4A27AC004C56FE /* Frameworks */ = {
			isa = PBXFrameworksBuildPhase;
			buildActionMask = 2147483647;
			files = (
			);
			runOnlyForDeploymentPostprocessing = 0;
		};
/* End PBXFrameworksBuildPhase section */

/* Begin PBXGroup section */
		DD9760F62A51FC7E0032216F /* Enums */ = {
			isa = PBXGroup;
			children = (
				DD9760F42A51FC4F0032216F /* TimerStage.swift */,
				DDA4B7322A50813C004C56FE /* UserDefaultsKey.swift */,
				DD9901012A8392D80051F757 /* TimeFrame.swift */,
			);
			path = Enums;
			sourceTree = "<group>";
		};
		DD9900F72A80F3C60051F757 /* AnalyticsView */ = {
			isa = PBXGroup;
			children = (
				DD9900F82A80F3E30051F757 /* AnalyticsView.swift */,
				DDE2CFA12B59C790009B7A51 /* SessionsListView.swift */,
				DDE2CF9F2B59C73F009B7A51 /* SingleStatsView.swift */,
				DD8069122A8597DC003982AE /* SingleStatView.swift */,
				DD9901062A83CF9F0051F757 /* BarChart.swift */,
				DDE2CF9D2B59C646009B7A51 /* TimeFramePickerView.swift */,
			);
			path = AnalyticsView;
			sourceTree = "<group>";
		};
		DD9900FA2A80F7CF0051F757 /* Utils */ = {
			isa = PBXGroup;
			children = (
				DD9900FB2A80F7F80051F757 /* Formatters.swift */,
			);
			path = Utils;
			sourceTree = "<group>";
		};
		DD9901032A83A6780051F757 /* Extensions */ = {
			isa = PBXGroup;
			children = (
				DD9901042A83A6BF0051F757 /* Date+StartEnd.swift */,
			);
			path = Extensions;
			sourceTree = "<group>";
		};
		DDA4B6E92A4A27AB004C56FE = {
			isa = PBXGroup;
			children = (
				DDA4B6F42A4A27AB004C56FE /* Focus */,
				DDA4B70B2A4A27AC004C56FE /* FocusTests */,
				DDA4B7152A4A27AC004C56FE /* FocusUITests */,
				DDA4B6F32A4A27AB004C56FE /* Products */,
			);
			sourceTree = "<group>";
		};
		DDA4B6F32A4A27AB004C56FE /* Products */ = {
			isa = PBXGroup;
			children = (
				DDA4B6F22A4A27AB004C56FE /* Focus.app */,
				DDA4B7082A4A27AC004C56FE /* FocusTests.xctest */,
				DDA4B7122A4A27AC004C56FE /* FocusUITests.xctest */,
			);
			name = Products;
			sourceTree = "<group>";
		};
		DDA4B6F42A4A27AB004C56FE /* Focus */ = {
			isa = PBXGroup;
			children = (
				DD9901032A83A6780051F757 /* Extensions */,
				DD9900FA2A80F7CF0051F757 /* Utils */,
				DD9760F62A51FC7E0032216F /* Enums */,
				DDA4B7352A51CDAE004C56FE /* Models */,
				DDAA988E2A5801BB00921DE9 /* Services */,
				DDA4B7362A51CDD4004C56FE /* Views */,
				DDA4B7392A51CE84004C56FE /* ViewModels */,
				DDA4B7302A4E054A004C56FE /* HideKeyboard.swift */,
				DDA4B6F52A4A27AB004C56FE /* FocusApp.swift */,
				DDA4B7002A4A27AC004C56FE /* Focus.xcdatamodeld */,
				DDA4B7252A4A2814004C56FE /* Focus.entitlements */,
				DDA4B7032A4A27AC004C56FE /* Info.plist */,
				DDA4B6F92A4A27AC004C56FE /* Assets.xcassets */,
				DDA4B6FB2A4A27AC004C56FE /* Preview Content */,
			);
			path = Focus;
			sourceTree = "<group>";
		};
		DDA4B6FB2A4A27AC004C56FE /* Preview Content */ = {
			isa = PBXGroup;
			children = (
				DDA4B6FC2A4A27AC004C56FE /* Preview Assets.xcassets */,
			);
			path = "Preview Content";
			sourceTree = "<group>";
		};
		DDA4B70B2A4A27AC004C56FE /* FocusTests */ = {
			isa = PBXGroup;
			children = (
				DDA4B70C2A4A27AC004C56FE /* FocusTests.swift */,
				DDF81DDB2A8CE9EF0052B409 /* FormatterTests.swift */,
				DDBFD1002A8CF2EA0020DC57 /* CountdownTests.swift */,
				DDBFD1022A8D176B0020DC57 /* AnalyticsTests.swift */,
			);
			path = FocusTests;
			sourceTree = "<group>";
		};
		DDA4B7152A4A27AC004C56FE /* FocusUITests */ = {
			isa = PBXGroup;
			children = (
				DDA4B7162A4A27AC004C56FE /* FocusUITests.swift */,
				DDA4B7182A4A27AC004C56FE /* FocusUITestsLaunchTests.swift */,
			);
			path = FocusUITests;
			sourceTree = "<group>";
		};
		DDA4B7352A51CDAE004C56FE /* Models */ = {
			isa = PBXGroup;
			children = (
				DDA4B6FE2A4A27AC004C56FE /* Persistence.swift */,
				DD9760F72A5369230032216F /* Constants.swift */,
				DDE2CF942B588C48009B7A51 /* Session */,
			);
			path = Models;
			sourceTree = "<group>";
		};
		DDA4B7362A51CDD4004C56FE /* Views */ = {
			isa = PBXGroup;
			children = (
				DD9900F72A80F3C60051F757 /* AnalyticsView */,
				DDA4B7382A51CE30004C56FE /* CountdownView */,
				DDA4B7372A51CE20004C56FE /* SettingsView */,
			);
			path = Views;
			sourceTree = "<group>";
		};
		DDA4B7372A51CE20004C56FE /* SettingsView */ = {
			isa = PBXGroup;
			children = (
				DDA4B72E2A4D77A4004C56FE /* TextFieldSettingView.swift */,
				DDA4B7282A4CD18D004C56FE /* SettingsView.swift */,
				DDE2CF972B597DAC009B7A51 /* VersionView.swift */,
				DDE2CF992B597E44009B7A51 /* NotificationToggleView.swift */,
			);
			path = SettingsView;
			sourceTree = "<group>";
		};
		DDA4B7382A51CE30004C56FE /* CountdownView */ = {
			isa = PBXGroup;
			children = (
				DDA4B6F72A4A27AB004C56FE /* CountdownView.swift */,
				DDAA988C2A57416100921DE9 /* ResetButtonView.swift */,
				DDAA988A2A57410900921DE9 /* SkipButtonView.swift */,
				DDAA98882A57401400921DE9 /* MainButtonView.swift */,
				DDAA98862A56A8D700921DE9 /* FocusStageDotsView.swift */,
				DDE2CFA32B59C9C3009B7A51 /* AnalyticsButtonView.swift */,
				DDE2CFA52B59D09B009B7A51 /* SettingsButtonView.swift */,
			);
			path = CountdownView;
			sourceTree = "<group>";
		};
		DDA4B7392A51CE84004C56FE /* ViewModels */ = {
			isa = PBXGroup;
			children = (
				DDA4B72A2A4CE0FB004C56FE /* SettingsViewModel.swift */,
				DDA4B7262A4B847D004C56FE /* CountdownViewModel.swift */,
				DDBFD1042A8D19770020DC57 /* AnalyticsViewModel.swift */,
			);
			path = ViewModels;
			sourceTree = "<group>";
		};
		DDAA988E2A5801BB00921DE9 /* Services */ = {
			isa = PBXGroup;
			children = (
				DDAA988F2A5801E200921DE9 /* NotificationService.swift */,
			);
			path = Services;
			sourceTree = "<group>";
		};
		DDE2CF942B588C48009B7A51 /* Session */ = {
			isa = PBXGroup;
			children = (
				DDE2CF922B583A13009B7A51 /* Session.swift */,
				DDE2CF952B588C55009B7A51 /* Session+CoreData.swift */,
			);
			path = Session;
			sourceTree = "<group>";
		};
/* End PBXGroup section */

/* Begin PBXNativeTarget section */
		DDA4B6F12A4A27AB004C56FE /* Focus */ = {
			isa = PBXNativeTarget;
			buildConfigurationList = DDA4B71C2A4A27AC004C56FE /* Build configuration list for PBXNativeTarget "Focus" */;
			buildPhases = (
				DDA4B6EE2A4A27AB004C56FE /* Sources */,
				DDA4B6EF2A4A27AB004C56FE /* Frameworks */,
				DDA4B6F02A4A27AB004C56FE /* Resources */,
			);
			buildRules = (
			);
			dependencies = (
			);
			name = Focus;
			productName = Focus;
			productReference = DDA4B6F22A4A27AB004C56FE /* Focus.app */;
			productType = "com.apple.product-type.application";
		};
		DDA4B7072A4A27AC004C56FE /* FocusTests */ = {
			isa = PBXNativeTarget;
			buildConfigurationList = DDA4B71F2A4A27AC004C56FE /* Build configuration list for PBXNativeTarget "FocusTests" */;
			buildPhases = (
				DDA4B7042A4A27AC004C56FE /* Sources */,
				DDA4B7052A4A27AC004C56FE /* Frameworks */,
				DDA4B7062A4A27AC004C56FE /* Resources */,
			);
			buildRules = (
			);
			dependencies = (
				DDA4B70A2A4A27AC004C56FE /* PBXTargetDependency */,
			);
			name = FocusTests;
			productName = FocusTests;
			productReference = DDA4B7082A4A27AC004C56FE /* FocusTests.xctest */;
			productType = "com.apple.product-type.bundle.unit-test";
		};
		DDA4B7112A4A27AC004C56FE /* FocusUITests */ = {
			isa = PBXNativeTarget;
			buildConfigurationList = DDA4B7222A4A27AC004C56FE /* Build configuration list for PBXNativeTarget "FocusUITests" */;
			buildPhases = (
				DDA4B70E2A4A27AC004C56FE /* Sources */,
				DDA4B70F2A4A27AC004C56FE /* Frameworks */,
				DDA4B7102A4A27AC004C56FE /* Resources */,
			);
			buildRules = (
			);
			dependencies = (
				DDA4B7142A4A27AC004C56FE /* PBXTargetDependency */,
			);
			name = FocusUITests;
			productName = FocusUITests;
			productReference = DDA4B7122A4A27AC004C56FE /* FocusUITests.xctest */;
			productType = "com.apple.product-type.bundle.ui-testing";
		};
/* End PBXNativeTarget section */

/* Begin PBXProject section */
		DDA4B6EA2A4A27AB004C56FE /* Project object */ = {
			isa = PBXProject;
			attributes = {
				BuildIndependentTargetsInParallel = 1;
				LastSwiftUpdateCheck = 1430;
				LastUpgradeCheck = 1520;
				TargetAttributes = {
					DDA4B6F12A4A27AB004C56FE = {
						CreatedOnToolsVersion = 14.3.1;
					};
					DDA4B7072A4A27AC004C56FE = {
						CreatedOnToolsVersion = 14.3.1;
						TestTargetID = DDA4B6F12A4A27AB004C56FE;
					};
					DDA4B7112A4A27AC004C56FE = {
						CreatedOnToolsVersion = 14.3.1;
						TestTargetID = DDA4B6F12A4A27AB004C56FE;
					};
				};
			};
			buildConfigurationList = DDA4B6ED2A4A27AB004C56FE /* Build configuration list for PBXProject "Focus" */;
			compatibilityVersion = "Xcode 14.0";
			developmentRegion = en;
			hasScannedForEncodings = 0;
			knownRegions = (
				en,
				Base,
			);
			mainGroup = DDA4B6E92A4A27AB004C56FE;
			productRefGroup = DDA4B6F32A4A27AB004C56FE /* Products */;
			projectDirPath = "";
			projectRoot = "";
			targets = (
				DDA4B6F12A4A27AB004C56FE /* Focus */,
				DDA4B7072A4A27AC004C56FE /* FocusTests */,
				DDA4B7112A4A27AC004C56FE /* FocusUITests */,
			);
		};
/* End PBXProject section */

/* Begin PBXResourcesBuildPhase section */
		DDA4B6F02A4A27AB004C56FE /* Resources */ = {
			isa = PBXResourcesBuildPhase;
			buildActionMask = 2147483647;
			files = (
				DDA4B6FD2A4A27AC004C56FE /* Preview Assets.xcassets in Resources */,
				DDA4B6FA2A4A27AC004C56FE /* Assets.xcassets in Resources */,
			);
			runOnlyForDeploymentPostprocessing = 0;
		};
		DDA4B7062A4A27AC004C56FE /* Resources */ = {
			isa = PBXResourcesBuildPhase;
			buildActionMask = 2147483647;
			files = (
			);
			runOnlyForDeploymentPostprocessing = 0;
		};
		DDA4B7102A4A27AC004C56FE /* Resources */ = {
			isa = PBXResourcesBuildPhase;
			buildActionMask = 2147483647;
			files = (
			);
			runOnlyForDeploymentPostprocessing = 0;
		};
/* End PBXResourcesBuildPhase section */

/* Begin PBXSourcesBuildPhase section */
		DDA4B6EE2A4A27AB004C56FE /* Sources */ = {
			isa = PBXSourcesBuildPhase;
			buildActionMask = 2147483647;
			files = (
				DDAA98872A56A8D700921DE9 /* FocusStageDotsView.swift in Sources */,
				DD9901052A83A6BF0051F757 /* Date+StartEnd.swift in Sources */,
				DD9760F82A5369230032216F /* Constants.swift in Sources */,
				DDA4B6FF2A4A27AC004C56FE /* Persistence.swift in Sources */,
				DDAA98892A57401400921DE9 /* MainButtonView.swift in Sources */,
				DDA4B7272A4B847D004C56FE /* CountdownViewModel.swift in Sources */,
				DDBFD1052A8D19770020DC57 /* AnalyticsViewModel.swift in Sources */,
				DD9901022A8392D80051F757 /* TimeFrame.swift in Sources */,
				DDA4B6F82A4A27AB004C56FE /* CountdownView.swift in Sources */,
				DDA4B7292A4CD18D004C56FE /* SettingsView.swift in Sources */,
				DDE2CF9E2B59C646009B7A51 /* TimeFramePickerView.swift in Sources */,
				DDE2CFA02B59C73F009B7A51 /* SingleStatsView.swift in Sources */,
				DDE2CFA42B59C9C3009B7A51 /* AnalyticsButtonView.swift in Sources */,
				DDE2CFA62B59D09B009B7A51 /* SettingsButtonView.swift in Sources */,
				DDA4B7332A50813C004C56FE /* UserDefaultsKey.swift in Sources */,
				DD9760F52A51FC4F0032216F /* TimerStage.swift in Sources */,
				DDE2CF982B597DAC009B7A51 /* VersionView.swift in Sources */,
				DD9900F92A80F3E30051F757 /* AnalyticsView.swift in Sources */,
				DDAA98902A5801E200921DE9 /* NotificationService.swift in Sources */,
				DDA4B7022A4A27AC004C56FE /* Focus.xcdatamodeld in Sources */,
				DDE2CF932B583A13009B7A51 /* Session.swift in Sources */,
				DD9901072A83CF9F0051F757 /* BarChart.swift in Sources */,
				DDAA988D2A57416100921DE9 /* ResetButtonView.swift in Sources */,
				DD8069132A8597DC003982AE /* SingleStatView.swift in Sources */,
				DD9900FC2A80F7F80051F757 /* Formatters.swift in Sources */,
				DDA4B6F62A4A27AB004C56FE /* FocusApp.swift in Sources */,
				DDE2CF9A2B597E44009B7A51 /* NotificationToggleView.swift in Sources */,
				DDA4B72B2A4CE0FB004C56FE /* SettingsViewModel.swift in Sources */,
				DDAA988B2A57410900921DE9 /* SkipButtonView.swift in Sources */,
				DDA4B7312A4E054A004C56FE /* HideKeyboard.swift in Sources */,
				DDA4B72F2A4D77A4004C56FE /* TextFieldSettingView.swift in Sources */,
				DDE2CF962B588C55009B7A51 /* Session+CoreData.swift in Sources */,
				DDE2CFA22B59C790009B7A51 /* SessionsListView.swift in Sources */,
			);
			runOnlyForDeploymentPostprocessing = 0;
		};
		DDA4B7042A4A27AC004C56FE /* Sources */ = {
			isa = PBXSourcesBuildPhase;
			buildActionMask = 2147483647;
			files = (
				DDBFD1012A8CF2EA0020DC57 /* CountdownTests.swift in Sources */,
				DDF81DDC2A8CE9EF0052B409 /* FormatterTests.swift in Sources */,
				DDBFD1032A8D176B0020DC57 /* AnalyticsTests.swift in Sources */,
				DDA4B70D2A4A27AC004C56FE /* FocusTests.swift in Sources */,
			);
			runOnlyForDeploymentPostprocessing = 0;
		};
		DDA4B70E2A4A27AC004C56FE /* Sources */ = {
			isa = PBXSourcesBuildPhase;
			buildActionMask = 2147483647;
			files = (
				DDA4B7172A4A27AC004C56FE /* FocusUITests.swift in Sources */,
				DDA4B7192A4A27AC004C56FE /* FocusUITestsLaunchTests.swift in Sources */,
			);
			runOnlyForDeploymentPostprocessing = 0;
		};
/* End PBXSourcesBuildPhase section */

/* Begin PBXTargetDependency section */
		DDA4B70A2A4A27AC004C56FE /* PBXTargetDependency */ = {
			isa = PBXTargetDependency;
			target = DDA4B6F12A4A27AB004C56FE /* Focus */;
			targetProxy = DDA4B7092A4A27AC004C56FE /* PBXContainerItemProxy */;
		};
		DDA4B7142A4A27AC004C56FE /* PBXTargetDependency */ = {
			isa = PBXTargetDependency;
			target = DDA4B6F12A4A27AB004C56FE /* Focus */;
			targetProxy = DDA4B7132A4A27AC004C56FE /* PBXContainerItemProxy */;
		};
/* End PBXTargetDependency section */

/* Begin XCBuildConfiguration section */
		DDA4B71A2A4A27AC004C56FE /* Debug */ = {
			isa = XCBuildConfiguration;
			buildSettings = {
				ALWAYS_SEARCH_USER_PATHS = NO;
				CLANG_ANALYZER_NONNULL = YES;
				CLANG_ANALYZER_NUMBER_OBJECT_CONVERSION = YES_AGGRESSIVE;
				CLANG_CXX_LANGUAGE_STANDARD = "gnu++20";
				CLANG_ENABLE_MODULES = YES;
				CLANG_ENABLE_OBJC_ARC = YES;
				CLANG_ENABLE_OBJC_WEAK = YES;
				CLANG_WARN_BLOCK_CAPTURE_AUTORELEASING = YES;
				CLANG_WARN_BOOL_CONVERSION = YES;
				CLANG_WARN_COMMA = YES;
				CLANG_WARN_CONSTANT_CONVERSION = YES;
				CLANG_WARN_DEPRECATED_OBJC_IMPLEMENTATIONS = YES;
				CLANG_WARN_DIRECT_OBJC_ISA_USAGE = YES_ERROR;
				CLANG_WARN_DOCUMENTATION_COMMENTS = YES;
				CLANG_WARN_EMPTY_BODY = YES;
				CLANG_WARN_ENUM_CONVERSION = YES;
				CLANG_WARN_INFINITE_RECURSION = YES;
				CLANG_WARN_INT_CONVERSION = YES;
				CLANG_WARN_NON_LITERAL_NULL_CONVERSION = YES;
				CLANG_WARN_OBJC_IMPLICIT_RETAIN_SELF = YES;
				CLANG_WARN_OBJC_LITERAL_CONVERSION = YES;
				CLANG_WARN_OBJC_ROOT_CLASS = YES_ERROR;
				CLANG_WARN_QUOTED_INCLUDE_IN_FRAMEWORK_HEADER = YES;
				CLANG_WARN_RANGE_LOOP_ANALYSIS = YES;
				CLANG_WARN_STRICT_PROTOTYPES = YES;
				CLANG_WARN_SUSPICIOUS_MOVE = YES;
				CLANG_WARN_UNGUARDED_AVAILABILITY = YES_AGGRESSIVE;
				CLANG_WARN_UNREACHABLE_CODE = YES;
				CLANG_WARN__DUPLICATE_METHOD_MATCH = YES;
				COPY_PHASE_STRIP = NO;
				DEBUG_INFORMATION_FORMAT = dwarf;
				ENABLE_STRICT_OBJC_MSGSEND = YES;
				ENABLE_TESTABILITY = YES;
				ENABLE_USER_SCRIPT_SANDBOXING = YES;
				GCC_C_LANGUAGE_STANDARD = gnu11;
				GCC_DYNAMIC_NO_PIC = NO;
				GCC_NO_COMMON_BLOCKS = YES;
				GCC_OPTIMIZATION_LEVEL = 0;
				GCC_PREPROCESSOR_DEFINITIONS = (
					"DEBUG=1",
					"$(inherited)",
				);
				GCC_WARN_64_TO_32_BIT_CONVERSION = YES;
				GCC_WARN_ABOUT_RETURN_TYPE = YES_ERROR;
				GCC_WARN_UNDECLARED_SELECTOR = YES;
				GCC_WARN_UNINITIALIZED_AUTOS = YES_AGGRESSIVE;
				GCC_WARN_UNUSED_FUNCTION = YES;
				GCC_WARN_UNUSED_VARIABLE = YES;
				IPHONEOS_DEPLOYMENT_TARGET = 16.4;
				MTL_ENABLE_DEBUG_INFO = INCLUDE_SOURCE;
				MTL_FAST_MATH = YES;
				ONLY_ACTIVE_ARCH = YES;
				SDKROOT = iphoneos;
				SWIFT_ACTIVE_COMPILATION_CONDITIONS = DEBUG;
				SWIFT_OPTIMIZATION_LEVEL = "-Onone";
			};
			name = Debug;
		};
		DDA4B71B2A4A27AC004C56FE /* Release */ = {
			isa = XCBuildConfiguration;
			buildSettings = {
				ALWAYS_SEARCH_USER_PATHS = NO;
				CLANG_ANALYZER_NONNULL = YES;
				CLANG_ANALYZER_NUMBER_OBJECT_CONVERSION = YES_AGGRESSIVE;
				CLANG_CXX_LANGUAGE_STANDARD = "gnu++20";
				CLANG_ENABLE_MODULES = YES;
				CLANG_ENABLE_OBJC_ARC = YES;
				CLANG_ENABLE_OBJC_WEAK = YES;
				CLANG_WARN_BLOCK_CAPTURE_AUTORELEASING = YES;
				CLANG_WARN_BOOL_CONVERSION = YES;
				CLANG_WARN_COMMA = YES;
				CLANG_WARN_CONSTANT_CONVERSION = YES;
				CLANG_WARN_DEPRECATED_OBJC_IMPLEMENTATIONS = YES;
				CLANG_WARN_DIRECT_OBJC_ISA_USAGE = YES_ERROR;
				CLANG_WARN_DOCUMENTATION_COMMENTS = YES;
				CLANG_WARN_EMPTY_BODY = YES;
				CLANG_WARN_ENUM_CONVERSION = YES;
				CLANG_WARN_INFINITE_RECURSION = YES;
				CLANG_WARN_INT_CONVERSION = YES;
				CLANG_WARN_NON_LITERAL_NULL_CONVERSION = YES;
				CLANG_WARN_OBJC_IMPLICIT_RETAIN_SELF = YES;
				CLANG_WARN_OBJC_LITERAL_CONVERSION = YES;
				CLANG_WARN_OBJC_ROOT_CLASS = YES_ERROR;
				CLANG_WARN_QUOTED_INCLUDE_IN_FRAMEWORK_HEADER = YES;
				CLANG_WARN_RANGE_LOOP_ANALYSIS = YES;
				CLANG_WARN_STRICT_PROTOTYPES = YES;
				CLANG_WARN_SUSPICIOUS_MOVE = YES;
				CLANG_WARN_UNGUARDED_AVAILABILITY = YES_AGGRESSIVE;
				CLANG_WARN_UNREACHABLE_CODE = YES;
				CLANG_WARN__DUPLICATE_METHOD_MATCH = YES;
				COPY_PHASE_STRIP = NO;
				DEBUG_INFORMATION_FORMAT = "dwarf-with-dsym";
				ENABLE_NS_ASSERTIONS = NO;
				ENABLE_STRICT_OBJC_MSGSEND = YES;
				ENABLE_USER_SCRIPT_SANDBOXING = YES;
				GCC_C_LANGUAGE_STANDARD = gnu11;
				GCC_NO_COMMON_BLOCKS = YES;
				GCC_WARN_64_TO_32_BIT_CONVERSION = YES;
				GCC_WARN_ABOUT_RETURN_TYPE = YES_ERROR;
				GCC_WARN_UNDECLARED_SELECTOR = YES;
				GCC_WARN_UNINITIALIZED_AUTOS = YES_AGGRESSIVE;
				GCC_WARN_UNUSED_FUNCTION = YES;
				GCC_WARN_UNUSED_VARIABLE = YES;
				IPHONEOS_DEPLOYMENT_TARGET = 16.4;
				MTL_ENABLE_DEBUG_INFO = NO;
				MTL_FAST_MATH = YES;
				SDKROOT = iphoneos;
				SWIFT_COMPILATION_MODE = wholemodule;
				SWIFT_OPTIMIZATION_LEVEL = "-O";
				VALIDATE_PRODUCT = YES;
			};
			name = Release;
		};
		DDA4B71D2A4A27AC004C56FE /* Debug */ = {
			isa = XCBuildConfiguration;
			buildSettings = {
				ASSETCATALOG_COMPILER_APPICON_NAME = AppIcon;
				ASSETCATALOG_COMPILER_GLOBAL_ACCENT_COLOR_NAME = AccentColor;
				CODE_SIGN_ENTITLEMENTS = Focus/Focus.entitlements;
				CODE_SIGN_STYLE = Automatic;
				CURRENT_PROJECT_VERSION = 6;
				DEVELOPMENT_ASSET_PATHS = "\"Focus/Preview Content\"";
				DEVELOPMENT_TEAM = ZC6427VGGN;
				ENABLE_PREVIEWS = YES;
				GENERATE_INFOPLIST_FILE = YES;
				INFOPLIST_FILE = Focus/Info.plist;
				INFOPLIST_KEY_CFBundleDisplayName = Focus;
				INFOPLIST_KEY_LSApplicationCategoryType = "public.app-category.productivity";
				INFOPLIST_KEY_UIApplicationSceneManifest_Generation = YES;
				INFOPLIST_KEY_UIApplicationSupportsIndirectInputEvents = YES;
				INFOPLIST_KEY_UILaunchScreen_Generation = YES;
				INFOPLIST_KEY_UISupportedInterfaceOrientations = UIInterfaceOrientationPortrait;
				INFOPLIST_KEY_UISupportedInterfaceOrientations_iPad = "UIInterfaceOrientationLandscapeLeft UIInterfaceOrientationLandscapeRight UIInterfaceOrientationPortrait UIInterfaceOrientationPortraitUpsideDown";
				LD_RUNPATH_SEARCH_PATHS = (
					"$(inherited)",
					"@executable_path/Frameworks",
				);
				MARKETING_VERSION = 0.0.1;
				PRODUCT_BUNDLE_IDENTIFIER = com.jackwradford.Focus;
				PRODUCT_NAME = "$(TARGET_NAME)";
				SUPPORTED_PLATFORMS = "iphoneos iphonesimulator";
				SUPPORTS_MACCATALYST = NO;
				SUPPORTS_MAC_DESIGNED_FOR_IPHONE_IPAD = NO;
				SWIFT_EMIT_LOC_STRINGS = YES;
				SWIFT_VERSION = 5.0;
				TARGETED_DEVICE_FAMILY = 1;
			};
			name = Debug;
		};
		DDA4B71E2A4A27AC004C56FE /* Release */ = {
			isa = XCBuildConfiguration;
			buildSettings = {
				ASSETCATALOG_COMPILER_APPICON_NAME = AppIcon;
				ASSETCATALOG_COMPILER_GLOBAL_ACCENT_COLOR_NAME = AccentColor;
				CODE_SIGN_ENTITLEMENTS = Focus/Focus.entitlements;
				CODE_SIGN_STYLE = Automatic;
				CURRENT_PROJECT_VERSION = 6;
				DEVELOPMENT_ASSET_PATHS = "\"Focus/Preview Content\"";
				DEVELOPMENT_TEAM = ZC6427VGGN;
				ENABLE_PREVIEWS = YES;
				GENERATE_INFOPLIST_FILE = YES;
				INFOPLIST_FILE = Focus/Info.plist;
				INFOPLIST_KEY_CFBundleDisplayName = Focus;
				INFOPLIST_KEY_LSApplicationCategoryType = "public.app-category.productivity";
				INFOPLIST_KEY_UIApplicationSceneManifest_Generation = YES;
				INFOPLIST_KEY_UIApplicationSupportsIndirectInputEvents = YES;
				INFOPLIST_KEY_UILaunchScreen_Generation = YES;
				INFOPLIST_KEY_UISupportedInterfaceOrientations = UIInterfaceOrientationPortrait;
				INFOPLIST_KEY_UISupportedInterfaceOrientations_iPad = "UIInterfaceOrientationLandscapeLeft UIInterfaceOrientationLandscapeRight UIInterfaceOrientationPortrait UIInterfaceOrientationPortraitUpsideDown";
				LD_RUNPATH_SEARCH_PATHS = (
					"$(inherited)",
					"@executable_path/Frameworks",
				);
				MARKETING_VERSION = 0.0.1;
				PRODUCT_BUNDLE_IDENTIFIER = com.jackwradford.Focus;
				PRODUCT_NAME = "$(TARGET_NAME)";
				SUPPORTED_PLATFORMS = "iphoneos iphonesimulator";
				SUPPORTS_MACCATALYST = NO;
				SUPPORTS_MAC_DESIGNED_FOR_IPHONE_IPAD = NO;
				SWIFT_EMIT_LOC_STRINGS = YES;
				SWIFT_VERSION = 5.0;
				TARGETED_DEVICE_FAMILY = 1;
			};
			name = Release;
		};
		DDA4B7202A4A27AC004C56FE /* Debug */ = {
			isa = XCBuildConfiguration;
			buildSettings = {
				ALWAYS_EMBED_SWIFT_STANDARD_LIBRARIES = YES;
				BUNDLE_LOADER = "$(TEST_HOST)";
				CODE_SIGN_STYLE = Automatic;
				CURRENT_PROJECT_VERSION = 1;
				DEVELOPMENT_TEAM = ZC6427VGGN;
				GENERATE_INFOPLIST_FILE = YES;
				IPHONEOS_DEPLOYMENT_TARGET = 16.4;
				MARKETING_VERSION = 1.0;
				PRODUCT_BUNDLE_IDENTIFIER = com.jackwradford.FocusTests;
				PRODUCT_NAME = "$(TARGET_NAME)";
				SWIFT_EMIT_LOC_STRINGS = NO;
				SWIFT_VERSION = 5.0;
				TARGETED_DEVICE_FAMILY = "1,2";
				TEST_HOST = "$(BUILT_PRODUCTS_DIR)/Focus.app/$(BUNDLE_EXECUTABLE_FOLDER_PATH)/Focus";
			};
			name = Debug;
		};
		DDA4B7212A4A27AC004C56FE /* Release */ = {
			isa = XCBuildConfiguration;
			buildSettings = {
				ALWAYS_EMBED_SWIFT_STANDARD_LIBRARIES = YES;
				BUNDLE_LOADER = "$(TEST_HOST)";
				CODE_SIGN_STYLE = Automatic;
				CURRENT_PROJECT_VERSION = 1;
				DEVELOPMENT_TEAM = ZC6427VGGN;
				GENERATE_INFOPLIST_FILE = YES;
				IPHONEOS_DEPLOYMENT_TARGET = 16.4;
				MARKETING_VERSION = 1.0;
				PRODUCT_BUNDLE_IDENTIFIER = com.jackwradford.FocusTests;
				PRODUCT_NAME = "$(TARGET_NAME)";
				SWIFT_EMIT_LOC_STRINGS = NO;
				SWIFT_VERSION = 5.0;
				TARGETED_DEVICE_FAMILY = "1,2";
				TEST_HOST = "$(BUILT_PRODUCTS_DIR)/Focus.app/$(BUNDLE_EXECUTABLE_FOLDER_PATH)/Focus";
			};
			name = Release;
		};
		DDA4B7232A4A27AC004C56FE /* Debug */ = {
			isa = XCBuildConfiguration;
			buildSettings = {
				ALWAYS_EMBED_SWIFT_STANDARD_LIBRARIES = YES;
				CODE_SIGN_STYLE = Automatic;
				CURRENT_PROJECT_VERSION = 1;
				DEVELOPMENT_TEAM = ZC6427VGGN;
				GENERATE_INFOPLIST_FILE = YES;
				MARKETING_VERSION = 1.0;
				PRODUCT_BUNDLE_IDENTIFIER = com.jackwradford.FocusUITests;
				PRODUCT_NAME = "$(TARGET_NAME)";
				SWIFT_EMIT_LOC_STRINGS = NO;
				SWIFT_VERSION = 5.0;
				TARGETED_DEVICE_FAMILY = "1,2";
				TEST_TARGET_NAME = Focus;
			};
			name = Debug;
		};
		DDA4B7242A4A27AC004C56FE /* Release */ = {
			isa = XCBuildConfiguration;
			buildSettings = {
				ALWAYS_EMBED_SWIFT_STANDARD_LIBRARIES = YES;
				CODE_SIGN_STYLE = Automatic;
				CURRENT_PROJECT_VERSION = 1;
				DEVELOPMENT_TEAM = ZC6427VGGN;
				GENERATE_INFOPLIST_FILE = YES;
				MARKETING_VERSION = 1.0;
				PRODUCT_BUNDLE_IDENTIFIER = com.jackwradford.FocusUITests;
				PRODUCT_NAME = "$(TARGET_NAME)";
				SWIFT_EMIT_LOC_STRINGS = NO;
				SWIFT_VERSION = 5.0;
				TARGETED_DEVICE_FAMILY = "1,2";
				TEST_TARGET_NAME = Focus;
			};
			name = Release;
		};
/* End XCBuildConfiguration section */

/* Begin XCConfigurationList section */
		DDA4B6ED2A4A27AB004C56FE /* Build configuration list for PBXProject "Focus" */ = {
			isa = XCConfigurationList;
			buildConfigurations = (
				DDA4B71A2A4A27AC004C56FE /* Debug */,
				DDA4B71B2A4A27AC004C56FE /* Release */,
			);
			defaultConfigurationIsVisible = 0;
			defaultConfigurationName = Release;
		};
		DDA4B71C2A4A27AC004C56FE /* Build configuration list for PBXNativeTarget "Focus" */ = {
			isa = XCConfigurationList;
			buildConfigurations = (
				DDA4B71D2A4A27AC004C56FE /* Debug */,
				DDA4B71E2A4A27AC004C56FE /* Release */,
			);
			defaultConfigurationIsVisible = 0;
			defaultConfigurationName = Release;
		};
		DDA4B71F2A4A27AC004C56FE /* Build configuration list for PBXNativeTarget "FocusTests" */ = {
			isa = XCConfigurationList;
			buildConfigurations = (
				DDA4B7202A4A27AC004C56FE /* Debug */,
				DDA4B7212A4A27AC004C56FE /* Release */,
			);
			defaultConfigurationIsVisible = 0;
			defaultConfigurationName = Release;
		};
		DDA4B7222A4A27AC004C56FE /* Build configuration list for PBXNativeTarget "FocusUITests" */ = {
			isa = XCConfigurationList;
			buildConfigurations = (
				DDA4B7232A4A27AC004C56FE /* Debug */,
				DDA4B7242A4A27AC004C56FE /* Release */,
			);
			defaultConfigurationIsVisible = 0;
			defaultConfigurationName = Release;
		};
/* End XCConfigurationList section */

/* Begin XCVersionGroup section */
		DDA4B7002A4A27AC004C56FE /* Focus.xcdatamodeld */ = {
			isa = XCVersionGroup;
			children = (
				DDA4B7012A4A27AC004C56FE /* Focus.xcdatamodel */,
			);
			currentVersion = DDA4B7012A4A27AC004C56FE /* Focus.xcdatamodel */;
			path = Focus.xcdatamodeld;
			sourceTree = "<group>";
			versionGroupType = wrapper.xcdatamodel;
		};
/* End XCVersionGroup section */
	};
	rootObject = DDA4B6EA2A4A27AB004C56FE /* Project object */;
}
